// !$*UTF8*$!
{
	archiveVersion = 1;
	classes = {
	};
	objectVersion = 50;
	objects = {

/* Begin PBXBuildFile section */
		07A7333F237A617200FE5E6A /* main.cpp in Sources */ = {isa = PBXBuildFile; fileRef = 07A7333E237A617200FE5E6A /* main.cpp */; };
		07F272CE23A7CF9A00B27338 /* Person.cpp in Sources */ = {isa = PBXBuildFile; fileRef = 07F272CC23A7CF9A00B27338 /* Person.cpp */; };
/* End PBXBuildFile section */

/* Begin PBXCopyFilesBuildPhase section */
		07A73339237A617200FE5E6A /* CopyFiles */ = {
			isa = PBXCopyFilesBuildPhase;
			buildActionMask = 2147483647;
			dstPath = /usr/share/man/man1/;
			dstSubfolderSpec = 0;
			files = (
			);
			runOnlyForDeploymentPostprocessing = 1;
		};
/* End PBXCopyFilesBuildPhase section */

/* Begin PBXFileReference section */
		070E7931239E639800B17928 /* BBST.hpp */ = {isa = PBXFileReference; lastKnownFileType = sourcecode.cpp.h; path = BBST.hpp; sourceTree = "<group>"; };
		070E7934239F862600B17928 /* RBTree.hpp */ = {isa = PBXFileReference; lastKnownFileType = sourcecode.cpp.h; path = RBTree.hpp; sourceTree = "<group>"; };
		0779A89B2392D78700A32072 /* BinaryTree.hpp */ = {isa = PBXFileReference; lastKnownFileType = sourcecode.cpp.h; path = BinaryTree.hpp; sourceTree = "<group>"; };
		0779A89E239362D900A32072 /* AVLTree.hpp */ = {isa = PBXFileReference; lastKnownFileType = sourcecode.cpp.h; path = AVLTree.hpp; sourceTree = "<group>"; };
		07A4EBB623A5F20400613278 /* TimeTool.hpp */ = {isa = PBXFileReference; lastKnownFileType = sourcecode.cpp.h; path = TimeTool.hpp; sourceTree = "<group>"; };
		07A4EBBA23A61FDD00613278 /* FileInfo.hpp */ = {isa = PBXFileReference; lastKnownFileType = sourcecode.cpp.h; path = FileInfo.hpp; sourceTree = "<group>"; };
		07A4EBBD23A6262200613278 /* LinkedList2.hpp */ = {isa = PBXFileReference; lastKnownFileType = sourcecode.cpp.h; path = LinkedList2.hpp; sourceTree = "<group>"; };
		07A4EBCE23A633FF00613278 /* ListSet.hpp */ = {isa = PBXFileReference; lastKnownFileType = sourcecode.cpp.h; path = ListSet.hpp; sourceTree = "<group>"; };
		07A7333B237A617200FE5E6A /* BinarySearchTree */ = {isa = PBXFileReference; explicitFileType = "compiled.mach-o.executable"; includeInIndex = 0; path = BinarySearchTree; sourceTree = BUILT_PRODUCTS_DIR; };
		07A7333E237A617200FE5E6A /* main.cpp */ = {isa = PBXFileReference; lastKnownFileType = sourcecode.cpp.cpp; path = main.cpp; sourceTree = "<group>"; };
		07A73346237A618400FE5E6A /* BinarySearchTree.hpp */ = {isa = PBXFileReference; lastKnownFileType = sourcecode.cpp.h; path = BinarySearchTree.hpp; sourceTree = "<group>"; };
		07BDE45423801A8600708805 /* Node.hpp */ = {isa = PBXFileReference; lastKnownFileType = sourcecode.cpp.h; path = Node.hpp; sourceTree = "<group>"; };
		07D4F42A23A344010038B768 /* RBNode.hpp */ = {isa = PBXFileReference; lastKnownFileType = sourcecode.cpp.h; path = RBNode.hpp; sourceTree = "<group>"; };
		07D6149D2380059A00C3EE38 /* BinaryTreeLevelOrderPrinter.hpp */ = {isa = PBXFileReference; lastKnownFileType = sourcecode.cpp.h; path = BinaryTreeLevelOrderPrinter.hpp; sourceTree = "<group>"; };
		07F272C323A63E2700B27338 /* TreeMap.hpp */ = {isa = PBXFileReference; lastKnownFileType = sourcecode.cpp.h; path = TreeMap.hpp; sourceTree = "<group>"; };
		07F272C623A67E5A00B27338 /* TreeSet.hpp */ = {isa = PBXFileReference; lastKnownFileType = sourcecode.cpp.h; path = TreeSet.hpp; sourceTree = "<group>"; };
		07F272CC23A7CF9A00B27338 /* Person.cpp */ = {isa = PBXFileReference; lastKnownFileType = sourcecode.cpp.cpp; path = Person.cpp; sourceTree = "<group>"; };
		07F272CD23A7CF9A00B27338 /* Person.hpp */ = {isa = PBXFileReference; lastKnownFileType = sourcecode.cpp.h; path = Person.hpp; sourceTree = "<group>"; };
/* End PBXFileReference section */

/* Begin PBXFrameworksBuildPhase section */
		07A73338237A617200FE5E6A /* Frameworks */ = {
			isa = PBXFrameworksBuildPhase;
			buildActionMask = 2147483647;
			files = (
			);
			runOnlyForDeploymentPostprocessing = 0;
		};
/* End PBXFrameworksBuildPhase section */

/* Begin PBXGroup section */
		07A4EBB423A5F1F400613278 /* Time */ = {
			isa = PBXGroup;
			children = (
				07A4EBB623A5F20400613278 /* TimeTool.hpp */,
			);
			path = Time;
			sourceTree = "<group>";
		};
		07A4EBB823A61FCD00613278 /* File */ = {
			isa = PBXGroup;
			children = (
				07A4EBBA23A61FDD00613278 /* FileInfo.hpp */,
			);
			path = File;
			sourceTree = "<group>";
		};
		07A4EBBC23A6250600613278 /* list */ = {
			isa = PBXGroup;
			children = (
				07A4EBBD23A6262200613278 /* LinkedList2.hpp */,
			);
			path = list;
			sourceTree = "<group>";
		};
		07A4EBBE23A626FA00613278 /* tree */ = {
			isa = PBXGroup;
			children = (
				07A73346237A618400FE5E6A /* BinarySearchTree.hpp */,
				07BDE45423801A8600708805 /* Node.hpp */,
				0779A89B2392D78700A32072 /* BinaryTree.hpp */,
				0779A89E239362D900A32072 /* AVLTree.hpp */,
				070E7931239E639800B17928 /* BBST.hpp */,
				070E7934239F862600B17928 /* RBTree.hpp */,
				07D4F42A23A344010038B768 /* RBNode.hpp */,
			);
			path = tree;
			sourceTree = "<group>";
		};
		07A4EBBF23A6270F00613278 /* printer */ = {
			isa = PBXGroup;
			children = (
				07D6149D2380059A00C3EE38 /* BinaryTreeLevelOrderPrinter.hpp */,
			);
			path = printer;
			sourceTree = "<group>";
		};
		07A4EBC023A627A800613278 /* set */ = {
			isa = PBXGroup;
			children = (
				07A4EBCE23A633FF00613278 /* ListSet.hpp */,
				07F272C623A67E5A00B27338 /* TreeSet.hpp */,
			);
			path = set;
			sourceTree = "<group>";
		};
		07A73332237A617200FE5E6A = {
			isa = PBXGroup;
			children = (
				07A7333D237A617200FE5E6A /* BinarySearchTree */,
				07A7333C237A617200FE5E6A /* Products */,
			);
			sourceTree = "<group>";
		};
		07A7333C237A617200FE5E6A /* Products */ = {
			isa = PBXGroup;
			children = (
				07A7333B237A617200FE5E6A /* BinarySearchTree */,
			);
			name = Products;
			sourceTree = "<group>";
		};
		07A7333D237A617200FE5E6A /* BinarySearchTree */ = {
			isa = PBXGroup;
			children = (
				07F272C823A7CBEB00B27338 /* person */,
				07F272C123A63E1B00B27338 /* map */,
				07A4EBC023A627A800613278 /* set */,
				07A4EBBF23A6270F00613278 /* printer */,
				07A4EBBE23A626FA00613278 /* tree */,
				07A4EBBC23A6250600613278 /* list */,
				07A4EBB823A61FCD00613278 /* File */,
				07A4EBB423A5F1F400613278 /* Time */,
				07A7333E237A617200FE5E6A /* main.cpp */,
			);
			path = BinarySearchTree;
			sourceTree = "<group>";
		};
		07F272C123A63E1B00B27338 /* map */ = {
			isa = PBXGroup;
			children = (
				07F272C323A63E2700B27338 /* TreeMap.hpp */,
			);
			path = map;
			sourceTree = "<group>";
		};
		07F272C823A7CBEB00B27338 /* person */ = {
			isa = PBXGroup;
			children = (
				07F272CC23A7CF9A00B27338 /* Person.cpp */,
				07F272CD23A7CF9A00B27338 /* Person.hpp */,
			);
			path = person;
			sourceTree = "<group>";
		};
/* End PBXGroup section */

/* Begin PBXNativeTarget section */
		07A7333A237A617200FE5E6A /* BinarySearchTree */ = {
			isa = PBXNativeTarget;
			buildConfigurationList = 07A73342237A617200FE5E6A /* Build configuration list for PBXNativeTarget "BinarySearchTree" */;
			buildPhases = (
				07A73337237A617200FE5E6A /* Sources */,
				07A73338237A617200FE5E6A /* Frameworks */,
				07A73339237A617200FE5E6A /* CopyFiles */,
			);
			buildRules = (
			);
			dependencies = (
			);
			name = BinarySearchTree;
			productName = BinarySearchTree;
			productReference = 07A7333B237A617200FE5E6A /* BinarySearchTree */;
			productType = "com.apple.product-type.tool";
		};
/* End PBXNativeTarget section */

/* Begin PBXProject section */
		07A73333237A617200FE5E6A /* Project object */ = {
			isa = PBXProject;
			attributes = {
				LastUpgradeCheck = 1120;
				ORGANIZATIONNAME = songlin;
				TargetAttributes = {
					07A7333A237A617200FE5E6A = {
						CreatedOnToolsVersion = 11.2;
					};
				};
			};
			buildConfigurationList = 07A73336237A617200FE5E6A /* Build configuration list for PBXProject "BinarySearchTree" */;
			compatibilityVersion = "Xcode 9.3";
			developmentRegion = en;
			hasScannedForEncodings = 0;
			knownRegions = (
				en,
				Base,
			);
			mainGroup = 07A73332237A617200FE5E6A;
			productRefGroup = 07A7333C237A617200FE5E6A /* Products */;
			projectDirPath = "";
			projectRoot = "";
			targets = (
				07A7333A237A617200FE5E6A /* BinarySearchTree */,
			);
		};
/* End PBXProject section */

/* Begin PBXSourcesBuildPhase section */
		07A73337237A617200FE5E6A /* Sources */ = {
			isa = PBXSourcesBuildPhase;
			buildActionMask = 2147483647;
			files = (
				07F272CE23A7CF9A00B27338 /* Person.cpp in Sources */,
				07A7333F237A617200FE5E6A /* main.cpp in Sources */,
			);
			runOnlyForDeploymentPostprocessing = 0;
		};
/* End PBXSourcesBuildPhase section */

/* Begin XCBuildConfiguration section */
		07A73340237A617200FE5E6A /* Debug */ = {
			isa = XCBuildConfiguration;
			buildSettings = {
				ALWAYS_SEARCH_USER_PATHS = NO;
				CLANG_ANALYZER_NONNULL = YES;
				CLANG_ANALYZER_NUMBER_OBJECT_CONVERSION = YES_AGGRESSIVE;
				CLANG_CXX_LANGUAGE_STANDARD = "gnu++14";
				CLANG_CXX_LIBRARY = "libc++";
				CLANG_ENABLE_MODULES = YES;
				CLANG_ENABLE_OBJC_ARC = YES;
				CLANG_ENABLE_OBJC_WEAK = YES;
				CLANG_WARN_BLOCK_CAPTURE_AUTORELEASING = YES;
				CLANG_WARN_BOOL_CONVERSION = YES;
				CLANG_WARN_COMMA = YES;
				CLANG_WARN_CONSTANT_CONVERSION = YES;
				CLANG_WARN_DEPRECATED_OBJC_IMPLEMENTATIONS = YES;
				CLANG_WARN_DIRECT_OBJC_ISA_USAGE = YES_ERROR;
				CLANG_WARN_DOCUMENTATION_COMMENTS = YES;
				CLANG_WARN_EMPTY_BODY = YES;
				CLANG_WARN_ENUM_CONVERSION = YES;
				CLANG_WARN_INFINITE_RECURSION = YES;
				CLANG_WARN_INT_CONVERSION = YES;
				CLANG_WARN_NON_LITERAL_NULL_CONVERSION = YES;
				CLANG_WARN_OBJC_IMPLICIT_RETAIN_SELF = YES;
				CLANG_WARN_OBJC_LITERAL_CONVERSION = YES;
				CLANG_WARN_OBJC_ROOT_CLASS = YES_ERROR;
				CLANG_WARN_RANGE_LOOP_ANALYSIS = YES;
				CLANG_WARN_STRICT_PROTOTYPES = YES;
				CLANG_WARN_SUSPICIOUS_MOVE = YES;
				CLANG_WARN_UNGUARDED_AVAILABILITY = YES_AGGRESSIVE;
				CLANG_WARN_UNREACHABLE_CODE = YES;
				CLANG_WARN__DUPLICATE_METHOD_MATCH = YES;
				COPY_PHASE_STRIP = NO;
				DEBUG_INFORMATION_FORMAT = dwarf;
				ENABLE_STRICT_OBJC_MSGSEND = YES;
				ENABLE_TESTABILITY = YES;
				GCC_C_LANGUAGE_STANDARD = gnu11;
				GCC_DYNAMIC_NO_PIC = NO;
				GCC_NO_COMMON_BLOCKS = YES;
				GCC_OPTIMIZATION_LEVEL = 0;
				GCC_PREPROCESSOR_DEFINITIONS = (
					"DEBUG=1",
					"$(inherited)",
				);
				GCC_WARN_64_TO_32_BIT_CONVERSION = YES;
				GCC_WARN_ABOUT_RETURN_TYPE = YES_ERROR;
				GCC_WARN_UNDECLARED_SELECTOR = YES;
				GCC_WARN_UNINITIALIZED_AUTOS = YES_AGGRESSIVE;
				GCC_WARN_UNUSED_FUNCTION = YES;
				GCC_WARN_UNUSED_VARIABLE = YES;
				MACOSX_DEPLOYMENT_TARGET = 10.14;
				MTL_ENABLE_DEBUG_INFO = INCLUDE_SOURCE;
				MTL_FAST_MATH = YES;
				ONLY_ACTIVE_ARCH = YES;
				SDKROOT = macosx;
			};
			name = Debug;
		};
		07A73341237A617200FE5E6A /* Release */ = {
			isa = XCBuildConfiguration;
			buildSettings = {
				ALWAYS_SEARCH_USER_PATHS = NO;
				CLANG_ANALYZER_NONNULL = YES;
				CLANG_ANALYZER_NUMBER_OBJECT_CONVERSION = YES_AGGRESSIVE;
				CLANG_CXX_LANGUAGE_STANDARD = "gnu++14";
				CLANG_CXX_LIBRARY = "libc++";
				CLANG_ENABLE_MODULES = YES;
				CLANG_ENABLE_OBJC_ARC = YES;
				CLANG_ENABLE_OBJC_WEAK = YES;
				CLANG_WARN_BLOCK_CAPTURE_AUTORELEASING = YES;
				CLANG_WARN_BOOL_CONVERSION = YES;
				CLANG_WARN_COMMA = YES;
				CLANG_WARN_CONSTANT_CONVERSION = YES;
				CLANG_WARN_DEPRECATED_OBJC_IMPLEMENTATIONS = YES;
				CLANG_WARN_DIRECT_OBJC_ISA_USAGE = YES_ERROR;
				CLANG_WARN_DOCUMENTATION_COMMENTS = YES;
				CLANG_WARN_EMPTY_BODY = YES;
				CLANG_WARN_ENUM_CONVERSION = YES;
				CLANG_WARN_INFINITE_RECURSION = YES;
				CLANG_WARN_INT_CONVERSION = YES;
				CLANG_WARN_NON_LITERAL_NULL_CONVERSION = YES;
				CLANG_WARN_OBJC_IMPLICIT_RETAIN_SELF = YES;
				CLANG_WARN_OBJC_LITERAL_CONVERSION = YES;
				CLANG_WARN_OBJC_ROOT_CLASS = YES_ERROR;
				CLANG_WARN_RANGE_LOOP_ANALYSIS = YES;
				CLANG_WARN_STRICT_PROTOTYPES = YES;
				CLANG_WARN_SUSPICIOUS_MOVE = YES;
				CLANG_WARN_UNGUARDED_AVAILABILITY = YES_AGGRESSIVE;
				CLANG_WARN_UNREACHABLE_CODE = YES;
				CLANG_WARN__DUPLICATE_METHOD_MATCH = YES;
				COPY_PHASE_STRIP = NO;
				DEBUG_INFORMATION_FORMAT = "dwarf-with-dsym";
				ENABLE_NS_ASSERTIONS = NO;
				ENABLE_STRICT_OBJC_MSGSEND = YES;
				GCC_C_LANGUAGE_STANDARD = gnu11;
				GCC_NO_COMMON_BLOCKS = YES;
				GCC_WARN_64_TO_32_BIT_CONVERSION = YES;
				GCC_WARN_ABOUT_RETURN_TYPE = YES_ERROR;
				GCC_WARN_UNDECLARED_SELECTOR = YES;
				GCC_WARN_UNINITIALIZED_AUTOS = YES_AGGRESSIVE;
				GCC_WARN_UNUSED_FUNCTION = YES;
				GCC_WARN_UNUSED_VARIABLE = YES;
				MACOSX_DEPLOYMENT_TARGET = 10.14;
				MTL_ENABLE_DEBUG_INFO = NO;
				MTL_FAST_MATH = YES;
				SDKROOT = macosx;
			};
			name = Release;
		};
		07A73343237A617200FE5E6A /* Debug */ = {
			isa = XCBuildConfiguration;
			buildSettings = {
				CLANG_CXX_LANGUAGE_STANDARD = "c++0x";
				CODE_SIGN_STYLE = Automatic;
				PRODUCT_NAME = "$(TARGET_NAME)";
			};
			name = Debug;
		};
		07A73344237A617200FE5E6A /* Release */ = {
			isa = XCBuildConfiguration;
			buildSettings = {
				CLANG_CXX_LANGUAGE_STANDARD = "c++0x";
				CODE_SIGN_STYLE = Automatic;
				PRODUCT_NAME = "$(TARGET_NAME)";
			};
			name = Release;
		};
/* End XCBuildConfiguration section */

/* Begin XCConfigurationList section */
		07A73336237A617200FE5E6A /* Build configuration list for PBXProject "BinarySearchTree" */ = {
			isa = XCConfigurationList;
			buildConfigurations = (
				07A73340237A617200FE5E6A /* Debug */,
				07A73341237A617200FE5E6A /* Release */,
			);
			defaultConfigurationIsVisible = 0;
			defaultConfigurationName = Release;
		};
		07A73342237A617200FE5E6A /* Build configuration list for PBXNativeTarget "BinarySearchTree" */ = {
			isa = XCConfigurationList;
			buildConfigurations = (
				07A73343237A617200FE5E6A /* Debug */,
				07A73344237A617200FE5E6A /* Release */,
			);
			defaultConfigurationIsVisible = 0;
			defaultConfigurationName = Release;
		};
/* End XCConfigurationList section */
	};
	rootObject = 07A73333237A617200FE5E6A /* Project object */;
}
