// !$*UTF8*$!
{
	archiveVersion = 1;
	classes = {
	};
	objectVersion = 50;
	objects = {

/* Begin PBXBuildFile section */
		076DF3D723DEC11A00EE64F0 /* main.cpp in Sources */ = {isa = PBXBuildFile; fileRef = 076DF3D623DEC11A00EE64F0 /* main.cpp */; };
/* End PBXBuildFile section */

/* Begin PBXCopyFilesBuildPhase section */
		076DF3D123DEC11A00EE64F0 /* CopyFiles */ = {
			isa = PBXCopyFilesBuildPhase;
			buildActionMask = 2147483647;
			dstPath = /usr/share/man/man1/;
			dstSubfolderSpec = 0;
			files = (
			);
			runOnlyForDeploymentPostprocessing = 1;
		};
/* End PBXCopyFilesBuildPhase section */

/* Begin PBXFileReference section */
		076DF3D323DEC11A00EE64F0 /* 20.Pirate */ = {isa = PBXFileReference; explicitFileType = "compiled.mach-o.executable"; includeInIndex = 0; path = 20.Pirate; sourceTree = BUILT_PRODUCTS_DIR; };
		076DF3D623DEC11A00EE64F0 /* main.cpp */ = {isa = PBXFileReference; lastKnownFileType = sourcecode.cpp.cpp; path = main.cpp; sourceTree = "<group>"; };
		076DF3DE23DEC12E00EE64F0 /* Pirate.hpp */ = {isa = PBXFileReference; lastKnownFileType = sourcecode.cpp.h; path = Pirate.hpp; sourceTree = "<group>"; };
		076DF3E123DEC73200EE64F0 /* CoinChange.hpp */ = {isa = PBXFileReference; lastKnownFileType = sourcecode.cpp.h; path = CoinChange.hpp; sourceTree = "<group>"; };
		076DF3E423DECFCC00EE64F0 /* Knapsack.hpp */ = {isa = PBXFileReference; lastKnownFileType = sourcecode.cpp.h; path = Knapsack.hpp; sourceTree = "<group>"; };
		076DF3E723DED2CA00EE64F0 /* Article.hpp */ = {isa = PBXFileReference; lastKnownFileType = sourcecode.cpp.h; path = Article.hpp; sourceTree = "<group>"; };
/* End PBXFileReference section */

/* Begin PBXFrameworksBuildPhase section */
		076DF3D023DEC11A00EE64F0 /* Frameworks */ = {
			isa = PBXFrameworksBuildPhase;
			buildActionMask = 2147483647;
			files = (
			);
			runOnlyForDeploymentPostprocessing = 0;
		};
/* End PBXFrameworksBuildPhase section */

/* Begin PBXGroup section */
		076DF3CA23DEC11A00EE64F0 = {
			isa = PBXGroup;
			children = (
				076DF3D523DEC11A00EE64F0 /* 20.Pirate */,
				076DF3D423DEC11A00EE64F0 /* Products */,
			);
			sourceTree = "<group>";
		};
		076DF3D423DEC11A00EE64F0 /* Products */ = {
			isa = PBXGroup;
			children = (
				076DF3D323DEC11A00EE64F0 /* 20.Pirate */,
			);
			name = Products;
			sourceTree = "<group>";
		};
		076DF3D523DEC11A00EE64F0 /* 20.Pirate */ = {
			isa = PBXGroup;
			children = (
				076DF3D623DEC11A00EE64F0 /* main.cpp */,
				076DF3DE23DEC12E00EE64F0 /* Pirate.hpp */,
				076DF3E123DEC73200EE64F0 /* CoinChange.hpp */,
				076DF3E423DECFCC00EE64F0 /* Knapsack.hpp */,
				076DF3E723DED2CA00EE64F0 /* Article.hpp */,
			);
			path = 20.Pirate;
			sourceTree = "<group>";
		};
/* End PBXGroup section */

/* Begin PBXNativeTarget section */
		076DF3D223DEC11A00EE64F0 /* 20.Pirate */ = {
			isa = PBXNativeTarget;
			buildConfigurationList = 076DF3DA23DEC11A00EE64F0 /* Build configuration list for PBXNativeTarget "20.Pirate" */;
			buildPhases = (
				076DF3CF23DEC11A00EE64F0 /* Sources */,
				076DF3D023DEC11A00EE64F0 /* Frameworks */,
				076DF3D123DEC11A00EE64F0 /* CopyFiles */,
			);
			buildRules = (
			);
			dependencies = (
			);
			name = 20.Pirate;
			productName = 20.Pirate;
			productReference = 076DF3D323DEC11A00EE64F0 /* 20.Pirate */;
			productType = "com.apple.product-type.tool";
		};
/* End PBXNativeTarget section */

/* Begin PBXProject section */
		076DF3CB23DEC11A00EE64F0 /* Project object */ = {
			isa = PBXProject;
			attributes = {
				LastUpgradeCheck = 1120;
				ORGANIZATIONNAME = NeonChange;
				TargetAttributes = {
					076DF3D223DEC11A00EE64F0 = {
						CreatedOnToolsVersion = 11.2.1;
					};
				};
			};
			buildConfigurationList = 076DF3CE23DEC11A00EE64F0 /* Build configuration list for PBXProject "20.Pirate" */;
			compatibilityVersion = "Xcode 9.3";
			developmentRegion = en;
			hasScannedForEncodings = 0;
			knownRegions = (
				en,
				Base,
			);
			mainGroup = 076DF3CA23DEC11A00EE64F0;
			productRefGroup = 076DF3D423DEC11A00EE64F0 /* Products */;
			projectDirPath = "";
			projectRoot = "";
			targets = (
				076DF3D223DEC11A00EE64F0 /* 20.Pirate */,
			);
		};
/* End PBXProject section */

/* Begin PBXSourcesBuildPhase section */
		076DF3CF23DEC11A00EE64F0 /* Sources */ = {
			isa = PBXSourcesBuildPhase;
			buildActionMask = 2147483647;
			files = (
				076DF3D723DEC11A00EE64F0 /* main.cpp in Sources */,
			);
			runOnlyForDeploymentPostprocessing = 0;
		};
/* End PBXSourcesBuildPhase section */

/* Begin XCBuildConfiguration section */
		076DF3D823DEC11A00EE64F0 /* Debug */ = {
			isa = XCBuildConfiguration;
			buildSettings = {
				ALWAYS_SEARCH_USER_PATHS = NO;
				CLANG_ANALYZER_NONNULL = YES;
				CLANG_ANALYZER_NUMBER_OBJECT_CONVERSION = YES_AGGRESSIVE;
				CLANG_CXX_LANGUAGE_STANDARD = "gnu++14";
				CLANG_CXX_LIBRARY = "libc++";
				CLANG_ENABLE_MODULES = YES;
				CLANG_ENABLE_OBJC_ARC = YES;
				CLANG_ENABLE_OBJC_WEAK = YES;
				CLANG_WARN_BLOCK_CAPTURE_AUTORELEASING = YES;
				CLANG_WARN_BOOL_CONVERSION = YES;
				CLANG_WARN_COMMA = YES;
				CLANG_WARN_CONSTANT_CONVERSION = YES;
				CLANG_WARN_DEPRECATED_OBJC_IMPLEMENTATIONS = YES;
				CLANG_WARN_DIRECT_OBJC_ISA_USAGE = YES_ERROR;
				CLANG_WARN_DOCUMENTATION_COMMENTS = YES;
				CLANG_WARN_EMPTY_BODY = YES;
				CLANG_WARN_ENUM_CONVERSION = YES;
				CLANG_WARN_INFINITE_RECURSION = YES;
				CLANG_WARN_INT_CONVERSION = YES;
				CLANG_WARN_NON_LITERAL_NULL_CONVERSION = YES;
				CLANG_WARN_OBJC_IMPLICIT_RETAIN_SELF = YES;
				CLANG_WARN_OBJC_LITERAL_CONVERSION = YES;
				CLANG_WARN_OBJC_ROOT_CLASS = YES_ERROR;
				CLANG_WARN_RANGE_LOOP_ANALYSIS = YES;
				CLANG_WARN_STRICT_PROTOTYPES = YES;
				CLANG_WARN_SUSPICIOUS_MOVE = YES;
				CLANG_WARN_UNGUARDED_AVAILABILITY = YES_AGGRESSIVE;
				CLANG_WARN_UNREACHABLE_CODE = YES;
				CLANG_WARN__DUPLICATE_METHOD_MATCH = YES;
				COPY_PHASE_STRIP = NO;
				DEBUG_INFORMATION_FORMAT = dwarf;
				ENABLE_STRICT_OBJC_MSGSEND = YES;
				ENABLE_TESTABILITY = YES;
				GCC_C_LANGUAGE_STANDARD = gnu11;
				GCC_DYNAMIC_NO_PIC = NO;
				GCC_NO_COMMON_BLOCKS = YES;
				GCC_OPTIMIZATION_LEVEL = 0;
				GCC_PREPROCESSOR_DEFINITIONS = (
					"DEBUG=1",
					"$(inherited)",
				);
				GCC_WARN_64_TO_32_BIT_CONVERSION = YES;
				GCC_WARN_ABOUT_RETURN_TYPE = YES_ERROR;
				GCC_WARN_UNDECLARED_SELECTOR = YES;
				GCC_WARN_UNINITIALIZED_AUTOS = YES_AGGRESSIVE;
				GCC_WARN_UNUSED_FUNCTION = YES;
				GCC_WARN_UNUSED_VARIABLE = YES;
				MACOSX_DEPLOYMENT_TARGET = 10.15;
				MTL_ENABLE_DEBUG_INFO = INCLUDE_SOURCE;
				MTL_FAST_MATH = YES;
				ONLY_ACTIVE_ARCH = YES;
				SDKROOT = macosx;
			};
			name = Debug;
		};
		076DF3D923DEC11A00EE64F0 /* Release */ = {
			isa = XCBuildConfiguration;
			buildSettings = {
				ALWAYS_SEARCH_USER_PATHS = NO;
				CLANG_ANALYZER_NONNULL = YES;
				CLANG_ANALYZER_NUMBER_OBJECT_CONVERSION = YES_AGGRESSIVE;
				CLANG_CXX_LANGUAGE_STANDARD = "gnu++14";
				CLANG_CXX_LIBRARY = "libc++";
				CLANG_ENABLE_MODULES = YES;
				CLANG_ENABLE_OBJC_ARC = YES;
				CLANG_ENABLE_OBJC_WEAK = YES;
				CLANG_WARN_BLOCK_CAPTURE_AUTORELEASING = YES;
				CLANG_WARN_BOOL_CONVERSION = YES;
				CLANG_WARN_COMMA = YES;
				CLANG_WARN_CONSTANT_CONVERSION = YES;
				CLANG_WARN_DEPRECATED_OBJC_IMPLEMENTATIONS = YES;
				CLANG_WARN_DIRECT_OBJC_ISA_USAGE = YES_ERROR;
				CLANG_WARN_DOCUMENTATION_COMMENTS = YES;
				CLANG_WARN_EMPTY_BODY = YES;
				CLANG_WARN_ENUM_CONVERSION = YES;
				CLANG_WARN_INFINITE_RECURSION = YES;
				CLANG_WARN_INT_CONVERSION = YES;
				CLANG_WARN_NON_LITERAL_NULL_CONVERSION = YES;
				CLANG_WARN_OBJC_IMPLICIT_RETAIN_SELF = YES;
				CLANG_WARN_OBJC_LITERAL_CONVERSION = YES;
				CLANG_WARN_OBJC_ROOT_CLASS = YES_ERROR;
				CLANG_WARN_RANGE_LOOP_ANALYSIS = YES;
				CLANG_WARN_STRICT_PROTOTYPES = YES;
				CLANG_WARN_SUSPICIOUS_MOVE = YES;
				CLANG_WARN_UNGUARDED_AVAILABILITY = YES_AGGRESSIVE;
				CLANG_WARN_UNREACHABLE_CODE = YES;
				CLANG_WARN__DUPLICATE_METHOD_MATCH = YES;
				COPY_PHASE_STRIP = NO;
				DEBUG_INFORMATION_FORMAT = "dwarf-with-dsym";
				ENABLE_NS_ASSERTIONS = NO;
				ENABLE_STRICT_OBJC_MSGSEND = YES;
				GCC_C_LANGUAGE_STANDARD = gnu11;
				GCC_NO_COMMON_BLOCKS = YES;
				GCC_WARN_64_TO_32_BIT_CONVERSION = YES;
				GCC_WARN_ABOUT_RETURN_TYPE = YES_ERROR;
				GCC_WARN_UNDECLARED_SELECTOR = YES;
				GCC_WARN_UNINITIALIZED_AUTOS = YES_AGGRESSIVE;
				GCC_WARN_UNUSED_FUNCTION = YES;
				GCC_WARN_UNUSED_VARIABLE = YES;
				MACOSX_DEPLOYMENT_TARGET = 10.15;
				MTL_ENABLE_DEBUG_INFO = NO;
				MTL_FAST_MATH = YES;
				SDKROOT = macosx;
			};
			name = Release;
		};
		076DF3DB23DEC11A00EE64F0 /* Debug */ = {
			isa = XCBuildConfiguration;
			buildSettings = {
				CODE_SIGN_STYLE = Automatic;
				PRODUCT_NAME = "$(TARGET_NAME)";
			};
			name = Debug;
		};
		076DF3DC23DEC11A00EE64F0 /* Release */ = {
			isa = XCBuildConfiguration;
			buildSettings = {
				CODE_SIGN_STYLE = Automatic;
				PRODUCT_NAME = "$(TARGET_NAME)";
			};
			name = Release;
		};
/* End XCBuildConfiguration section */

/* Begin XCConfigurationList section */
		076DF3CE23DEC11A00EE64F0 /* Build configuration list for PBXProject "20.Pirate" */ = {
			isa = XCConfigurationList;
			buildConfigurations = (
				076DF3D823DEC11A00EE64F0 /* Debug */,
				076DF3D923DEC11A00EE64F0 /* Release */,
			);
			defaultConfigurationIsVisible = 0;
			defaultConfigurationName = Release;
		};
		076DF3DA23DEC11A00EE64F0 /* Build configuration list for PBXNativeTarget "20.Pirate" */ = {
			isa = XCConfigurationList;
			buildConfigurations = (
				076DF3DB23DEC11A00EE64F0 /* Debug */,
				076DF3DC23DEC11A00EE64F0 /* Release */,
			);
			defaultConfigurationIsVisible = 0;
			defaultConfigurationName = Release;
		};
/* End XCConfigurationList section */
	};
	rootObject = 076DF3CB23DEC11A00EE64F0 /* Project object */;
}
