// !$*UTF8*$!
{
	archiveVersion = 1;
	classes = {
	};
	objectVersion = 50;
	objects = {

/* Begin PBXBuildFile section */
		070DF57423764B5400132BF5 /* Queue.hpp in Sources */ = {isa = PBXBuildFile; fileRef = 07BF718223751EA20016851B /* Queue.hpp */; };
		070DF57523764B5400132BF5 /* CircleQueue.hpp in Sources */ = {isa = PBXBuildFile; fileRef = 070DF5722376495F00132BF5 /* CircleQueue.hpp */; };
		07BF717F23751BF20016851B /* LinkedList2.hpp in Sources */ = {isa = PBXBuildFile; fileRef = 07EAC19323751AF500BB250B /* LinkedList2.hpp */; };
		07BF718023751BF20016851B /* Deque.hpp in Sources */ = {isa = PBXBuildFile; fileRef = 07EAC19523751B0C00BB250B /* Deque.hpp */; };
		07EAC18D23751AD300BB250B /* main.cpp in Sources */ = {isa = PBXBuildFile; fileRef = 07EAC18C23751AD300BB250B /* main.cpp */; };
/* End PBXBuildFile section */

/* Begin PBXCopyFilesBuildPhase section */
		07EAC18723751AD300BB250B /* CopyFiles */ = {
			isa = PBXCopyFilesBuildPhase;
			buildActionMask = 2147483647;
			dstPath = /usr/share/man/man1/;
			dstSubfolderSpec = 0;
			files = (
			);
			runOnlyForDeploymentPostprocessing = 1;
		};
/* End PBXCopyFilesBuildPhase section */

/* Begin PBXFileReference section */
		070DF5722376495F00132BF5 /* CircleQueue.hpp */ = {isa = PBXFileReference; lastKnownFileType = sourcecode.cpp.h; path = CircleQueue.hpp; sourceTree = "<group>"; };
		072A4B3D2378190D00CAC44D /* CircleDeque.hpp */ = {isa = PBXFileReference; lastKnownFileType = sourcecode.cpp.h; path = CircleDeque.hpp; sourceTree = "<group>"; };
		07BF718223751EA20016851B /* Queue.hpp */ = {isa = PBXFileReference; lastKnownFileType = sourcecode.cpp.h; path = Queue.hpp; sourceTree = "<group>"; };
		07EAC18923751AD300BB250B /* Deque */ = {isa = PBXFileReference; explicitFileType = "compiled.mach-o.executable"; includeInIndex = 0; path = Deque; sourceTree = BUILT_PRODUCTS_DIR; };
		07EAC18C23751AD300BB250B /* main.cpp */ = {isa = PBXFileReference; lastKnownFileType = sourcecode.cpp.cpp; path = main.cpp; sourceTree = "<group>"; };
		07EAC19323751AF500BB250B /* LinkedList2.hpp */ = {isa = PBXFileReference; lastKnownFileType = sourcecode.cpp.h; path = LinkedList2.hpp; sourceTree = "<group>"; };
		07EAC19523751B0C00BB250B /* Deque.hpp */ = {isa = PBXFileReference; lastKnownFileType = sourcecode.cpp.h; path = Deque.hpp; sourceTree = "<group>"; };
/* End PBXFileReference section */

/* Begin PBXFrameworksBuildPhase section */
		07EAC18623751AD300BB250B /* Frameworks */ = {
			isa = PBXFrameworksBuildPhase;
			buildActionMask = 2147483647;
			files = (
			);
			runOnlyForDeploymentPostprocessing = 0;
		};
/* End PBXFrameworksBuildPhase section */

/* Begin PBXGroup section */
		07EAC18023751AD300BB250B = {
			isa = PBXGroup;
			children = (
				07EAC18B23751AD300BB250B /* Deque */,
				07EAC18A23751AD300BB250B /* Products */,
			);
			sourceTree = "<group>";
		};
		07EAC18A23751AD300BB250B /* Products */ = {
			isa = PBXGroup;
			children = (
				07EAC18923751AD300BB250B /* Deque */,
			);
			name = Products;
			sourceTree = "<group>";
		};
		07EAC18B23751AD300BB250B /* Deque */ = {
			isa = PBXGroup;
			children = (
				07EAC18C23751AD300BB250B /* main.cpp */,
				07EAC19323751AF500BB250B /* LinkedList2.hpp */,
				07EAC19523751B0C00BB250B /* Deque.hpp */,
				07BF718223751EA20016851B /* Queue.hpp */,
				070DF5722376495F00132BF5 /* CircleQueue.hpp */,
				072A4B3D2378190D00CAC44D /* CircleDeque.hpp */,
			);
			path = Deque;
			sourceTree = "<group>";
		};
/* End PBXGroup section */

/* Begin PBXNativeTarget section */
		07EAC18823751AD300BB250B /* Deque */ = {
			isa = PBXNativeTarget;
			buildConfigurationList = 07EAC19023751AD300BB250B /* Build configuration list for PBXNativeTarget "Deque" */;
			buildPhases = (
				07EAC18523751AD300BB250B /* Sources */,
				07EAC18623751AD300BB250B /* Frameworks */,
				07EAC18723751AD300BB250B /* CopyFiles */,
			);
			buildRules = (
			);
			dependencies = (
			);
			name = Deque;
			productName = Deque;
			productReference = 07EAC18923751AD300BB250B /* Deque */;
			productType = "com.apple.product-type.tool";
		};
/* End PBXNativeTarget section */

/* Begin PBXProject section */
		07EAC18123751AD300BB250B /* Project object */ = {
			isa = PBXProject;
			attributes = {
				LastUpgradeCheck = 1020;
				ORGANIZATIONNAME = songlin;
				TargetAttributes = {
					07EAC18823751AD300BB250B = {
						CreatedOnToolsVersion = 10.2;
					};
				};
			};
			buildConfigurationList = 07EAC18423751AD300BB250B /* Build configuration list for PBXProject "Deque" */;
			compatibilityVersion = "Xcode 9.3";
			developmentRegion = en;
			hasScannedForEncodings = 0;
			knownRegions = (
				en,
			);
			mainGroup = 07EAC18023751AD300BB250B;
			productRefGroup = 07EAC18A23751AD300BB250B /* Products */;
			projectDirPath = "";
			projectRoot = "";
			targets = (
				07EAC18823751AD300BB250B /* Deque */,
			);
		};
/* End PBXProject section */

/* Begin PBXSourcesBuildPhase section */
		07EAC18523751AD300BB250B /* Sources */ = {
			isa = PBXSourcesBuildPhase;
			buildActionMask = 2147483647;
			files = (
				070DF57423764B5400132BF5 /* Queue.hpp in Sources */,
				070DF57523764B5400132BF5 /* CircleQueue.hpp in Sources */,
				07BF717F23751BF20016851B /* LinkedList2.hpp in Sources */,
				07BF718023751BF20016851B /* Deque.hpp in Sources */,
				07EAC18D23751AD300BB250B /* main.cpp in Sources */,
			);
			runOnlyForDeploymentPostprocessing = 0;
		};
/* End PBXSourcesBuildPhase section */

/* Begin XCBuildConfiguration section */
		07EAC18E23751AD300BB250B /* Debug */ = {
			isa = XCBuildConfiguration;
			buildSettings = {
				ALWAYS_SEARCH_USER_PATHS = NO;
				CLANG_ANALYZER_NONNULL = YES;
				CLANG_ANALYZER_NUMBER_OBJECT_CONVERSION = YES_AGGRESSIVE;
				CLANG_CXX_LANGUAGE_STANDARD = "gnu++14";
				CLANG_CXX_LIBRARY = "libc++";
				CLANG_ENABLE_MODULES = YES;
				CLANG_ENABLE_OBJC_ARC = YES;
				CLANG_ENABLE_OBJC_WEAK = YES;
				CLANG_WARN_BLOCK_CAPTURE_AUTORELEASING = YES;
				CLANG_WARN_BOOL_CONVERSION = YES;
				CLANG_WARN_COMMA = YES;
				CLANG_WARN_CONSTANT_CONVERSION = YES;
				CLANG_WARN_DEPRECATED_OBJC_IMPLEMENTATIONS = YES;
				CLANG_WARN_DIRECT_OBJC_ISA_USAGE = YES_ERROR;
				CLANG_WARN_DOCUMENTATION_COMMENTS = YES;
				CLANG_WARN_EMPTY_BODY = YES;
				CLANG_WARN_ENUM_CONVERSION = YES;
				CLANG_WARN_INFINITE_RECURSION = YES;
				CLANG_WARN_INT_CONVERSION = YES;
				CLANG_WARN_NON_LITERAL_NULL_CONVERSION = YES;
				CLANG_WARN_OBJC_IMPLICIT_RETAIN_SELF = YES;
				CLANG_WARN_OBJC_LITERAL_CONVERSION = YES;
				CLANG_WARN_OBJC_ROOT_CLASS = YES_ERROR;
				CLANG_WARN_RANGE_LOOP_ANALYSIS = YES;
				CLANG_WARN_STRICT_PROTOTYPES = YES;
				CLANG_WARN_SUSPICIOUS_MOVE = YES;
				CLANG_WARN_UNGUARDED_AVAILABILITY = YES_AGGRESSIVE;
				CLANG_WARN_UNREACHABLE_CODE = YES;
				CLANG_WARN__DUPLICATE_METHOD_MATCH = YES;
				CODE_SIGN_IDENTITY = "-";
				COPY_PHASE_STRIP = NO;
				DEBUG_INFORMATION_FORMAT = dwarf;
				ENABLE_STRICT_OBJC_MSGSEND = YES;
				ENABLE_TESTABILITY = YES;
				GCC_C_LANGUAGE_STANDARD = gnu11;
				GCC_DYNAMIC_NO_PIC = NO;
				GCC_NO_COMMON_BLOCKS = YES;
				GCC_OPTIMIZATION_LEVEL = 0;
				GCC_PREPROCESSOR_DEFINITIONS = (
					"DEBUG=1",
					"$(inherited)",
				);
				GCC_WARN_64_TO_32_BIT_CONVERSION = YES;
				GCC_WARN_ABOUT_RETURN_TYPE = YES_ERROR;
				GCC_WARN_UNDECLARED_SELECTOR = YES;
				GCC_WARN_UNINITIALIZED_AUTOS = YES_AGGRESSIVE;
				GCC_WARN_UNUSED_FUNCTION = YES;
				GCC_WARN_UNUSED_VARIABLE = YES;
				MACOSX_DEPLOYMENT_TARGET = 10.15;
				MTL_ENABLE_DEBUG_INFO = INCLUDE_SOURCE;
				MTL_FAST_MATH = YES;
				ONLY_ACTIVE_ARCH = YES;
				SDKROOT = macosx;
			};
			name = Debug;
		};
		07EAC18F23751AD300BB250B /* Release */ = {
			isa = XCBuildConfiguration;
			buildSettings = {
				ALWAYS_SEARCH_USER_PATHS = NO;
				CLANG_ANALYZER_NONNULL = YES;
				CLANG_ANALYZER_NUMBER_OBJECT_CONVERSION = YES_AGGRESSIVE;
				CLANG_CXX_LANGUAGE_STANDARD = "gnu++14";
				CLANG_CXX_LIBRARY = "libc++";
				CLANG_ENABLE_MODULES = YES;
				CLANG_ENABLE_OBJC_ARC = YES;
				CLANG_ENABLE_OBJC_WEAK = YES;
				CLANG_WARN_BLOCK_CAPTURE_AUTORELEASING = YES;
				CLANG_WARN_BOOL_CONVERSION = YES;
				CLANG_WARN_COMMA = YES;
				CLANG_WARN_CONSTANT_CONVERSION = YES;
				CLANG_WARN_DEPRECATED_OBJC_IMPLEMENTATIONS = YES;
				CLANG_WARN_DIRECT_OBJC_ISA_USAGE = YES_ERROR;
				CLANG_WARN_DOCUMENTATION_COMMENTS = YES;
				CLANG_WARN_EMPTY_BODY = YES;
				CLANG_WARN_ENUM_CONVERSION = YES;
				CLANG_WARN_INFINITE_RECURSION = YES;
				CLANG_WARN_INT_CONVERSION = YES;
				CLANG_WARN_NON_LITERAL_NULL_CONVERSION = YES;
				CLANG_WARN_OBJC_IMPLICIT_RETAIN_SELF = YES;
				CLANG_WARN_OBJC_LITERAL_CONVERSION = YES;
				CLANG_WARN_OBJC_ROOT_CLASS = YES_ERROR;
				CLANG_WARN_RANGE_LOOP_ANALYSIS = YES;
				CLANG_WARN_STRICT_PROTOTYPES = YES;
				CLANG_WARN_SUSPICIOUS_MOVE = YES;
				CLANG_WARN_UNGUARDED_AVAILABILITY = YES_AGGRESSIVE;
				CLANG_WARN_UNREACHABLE_CODE = YES;
				CLANG_WARN__DUPLICATE_METHOD_MATCH = YES;
				CODE_SIGN_IDENTITY = "-";
				COPY_PHASE_STRIP = NO;
				DEBUG_INFORMATION_FORMAT = "dwarf-with-dsym";
				ENABLE_NS_ASSERTIONS = NO;
				ENABLE_STRICT_OBJC_MSGSEND = YES;
				GCC_C_LANGUAGE_STANDARD = gnu11;
				GCC_NO_COMMON_BLOCKS = YES;
				GCC_WARN_64_TO_32_BIT_CONVERSION = YES;
				GCC_WARN_ABOUT_RETURN_TYPE = YES_ERROR;
				GCC_WARN_UNDECLARED_SELECTOR = YES;
				GCC_WARN_UNINITIALIZED_AUTOS = YES_AGGRESSIVE;
				GCC_WARN_UNUSED_FUNCTION = YES;
				GCC_WARN_UNUSED_VARIABLE = YES;
				MACOSX_DEPLOYMENT_TARGET = 10.15;
				MTL_ENABLE_DEBUG_INFO = NO;
				MTL_FAST_MATH = YES;
				SDKROOT = macosx;
			};
			name = Release;
		};
		07EAC19123751AD300BB250B /* Debug */ = {
			isa = XCBuildConfiguration;
			buildSettings = {
				CODE_SIGN_STYLE = Automatic;
				PRODUCT_NAME = "$(TARGET_NAME)";
			};
			name = Debug;
		};
		07EAC19223751AD300BB250B /* Release */ = {
			isa = XCBuildConfiguration;
			buildSettings = {
				CODE_SIGN_STYLE = Automatic;
				PRODUCT_NAME = "$(TARGET_NAME)";
			};
			name = Release;
		};
/* End XCBuildConfiguration section */

/* Begin XCConfigurationList section */
		07EAC18423751AD300BB250B /* Build configuration list for PBXProject "Deque" */ = {
			isa = XCConfigurationList;
			buildConfigurations = (
				07EAC18E23751AD300BB250B /* Debug */,
				07EAC18F23751AD300BB250B /* Release */,
			);
			defaultConfigurationIsVisible = 0;
			defaultConfigurationName = Release;
		};
		07EAC19023751AD300BB250B /* Build configuration list for PBXNativeTarget "Deque" */ = {
			isa = XCConfigurationList;
			buildConfigurations = (
				07EAC19123751AD300BB250B /* Debug */,
				07EAC19223751AD300BB250B /* Release */,
			);
			defaultConfigurationIsVisible = 0;
			defaultConfigurationName = Release;
		};
/* End XCConfigurationList section */
	};
	rootObject = 07EAC18123751AD300BB250B /* Project object */;
}
