// !$*UTF8*$!
{
	archiveVersion = 1;
	classes = {
	};
	objectVersion = 50;
	objects = {

/* Begin PBXBuildFile section */
		071D11DF235C1C9C0037BBC4 /* EvalRPN150.hpp in Sources */ = {isa = PBXBuildFile; fileRef = 071D11DE235C1C9C0037BBC4 /* EvalRPN150.hpp */; };
		07AC2E2A2359B27300AF9400 /* main.cpp in Sources */ = {isa = PBXBuildFile; fileRef = 07AC2E292359B27300AF9400 /* main.cpp */; };
		07AC2E332359B33700AF9400 /* DeleteList237.cpp in Sources */ = {isa = PBXBuildFile; fileRef = 07AC2E312359B33700AF9400 /* DeleteList237.cpp */; };
		07AC2E372359BFD100AF9400 /* ReverseList206.cpp in Sources */ = {isa = PBXBuildFile; fileRef = 07AC2E352359BFD100AF9400 /* ReverseList206.cpp */; };
		07AC2E3A2359D37700AF9400 /* CycleList141.cpp in Sources */ = {isa = PBXBuildFile; fileRef = 07AC2E382359D37700AF9400 /* CycleList141.cpp */; };
		07AC2E3D235D559F00AF9400 /* MergeList21.cpp in Sources */ = {isa = PBXBuildFile; fileRef = 07AC2E3B235D559F00AF9400 /* MergeList21.cpp */; };
		07AC2E40235D55D600AF9400 /* ListNode.cpp in Sources */ = {isa = PBXBuildFile; fileRef = 07AC2E3E235D55D600AF9400 /* ListNode.cpp */; };
		07AC2E43235D99FF00AF9400 /* MergeKList23.cpp in Sources */ = {isa = PBXBuildFile; fileRef = 07AC2E41235D99FF00AF9400 /* MergeKList23.cpp */; };
		07AC2E47235EB0D700AF9400 /* ValidBST98.cpp in Sources */ = {isa = PBXBuildFile; fileRef = 07AC2E45235EB0D700AF9400 /* ValidBST98.cpp */; };
		07AC2E4A235EB10900AF9400 /* TreeNode.cpp in Sources */ = {isa = PBXBuildFile; fileRef = 07AC2E48235EB10900AF9400 /* TreeNode.cpp */; };
		07AC2EA8235FE8D700AF9400 /* DailyTemperatures739.cpp in Sources */ = {isa = PBXBuildFile; fileRef = 07AC2EA6235FE8D700AF9400 /* DailyTemperatures739.cpp */; };
		07AC2ECD23613C4E00AF9400 /* MaxPathSum124.cpp in Sources */ = {isa = PBXBuildFile; fileRef = 07AC2ECB23613C4E00AF9400 /* MaxPathSum124.cpp */; };
		07C48D4423614EF3007FAAAD /* Flatten114.cpp in Sources */ = {isa = PBXBuildFile; fileRef = 07C48D4223614EF3007FAAAD /* Flatten114.cpp */; };
		07C48D4A2361ADD3007FAAAD /* TwoSum1.cpp in Sources */ = {isa = PBXBuildFile; fileRef = 07C48D482361ADD3007FAAAD /* TwoSum1.cpp */; };
/* End PBXBuildFile section */

/* Begin PBXCopyFilesBuildPhase section */
		07AC2E242359B27300AF9400 /* CopyFiles */ = {
			isa = PBXCopyFilesBuildPhase;
			buildActionMask = 2147483647;
			dstPath = /usr/share/man/man1/;
			dstSubfolderSpec = 0;
			files = (
			);
			runOnlyForDeploymentPostprocessing = 1;
		};
/* End PBXCopyFilesBuildPhase section */

/* Begin PBXFileReference section */
		071D11DE235C1C9C0037BBC4 /* EvalRPN150.hpp */ = {isa = PBXFileReference; lastKnownFileType = sourcecode.cpp.h; path = EvalRPN150.hpp; sourceTree = "<group>"; };
		07AC2E262359B27300AF9400 /* leetcodePratice */ = {isa = PBXFileReference; explicitFileType = "compiled.mach-o.executable"; includeInIndex = 0; path = leetcodePratice; sourceTree = BUILT_PRODUCTS_DIR; };
		07AC2E292359B27300AF9400 /* main.cpp */ = {isa = PBXFileReference; lastKnownFileType = sourcecode.cpp.cpp; path = main.cpp; sourceTree = "<group>"; };
		07AC2E312359B33700AF9400 /* DeleteList237.cpp */ = {isa = PBXFileReference; lastKnownFileType = sourcecode.cpp.cpp; path = DeleteList237.cpp; sourceTree = "<group>"; };
		07AC2E322359B33700AF9400 /* DeleteList237.hpp */ = {isa = PBXFileReference; lastKnownFileType = sourcecode.cpp.h; path = DeleteList237.hpp; sourceTree = "<group>"; };
		07AC2E352359BFD100AF9400 /* ReverseList206.cpp */ = {isa = PBXFileReference; lastKnownFileType = sourcecode.cpp.cpp; path = ReverseList206.cpp; sourceTree = "<group>"; };
		07AC2E362359BFD100AF9400 /* ReverseList206.hpp */ = {isa = PBXFileReference; lastKnownFileType = sourcecode.cpp.h; path = ReverseList206.hpp; sourceTree = "<group>"; };
		07AC2E382359D37700AF9400 /* CycleList141.cpp */ = {isa = PBXFileReference; lastKnownFileType = sourcecode.cpp.cpp; path = CycleList141.cpp; sourceTree = "<group>"; };
		07AC2E392359D37700AF9400 /* CycleList141.hpp */ = {isa = PBXFileReference; lastKnownFileType = sourcecode.cpp.h; path = CycleList141.hpp; sourceTree = "<group>"; };
		07AC2E3B235D559F00AF9400 /* MergeList21.cpp */ = {isa = PBXFileReference; lastKnownFileType = sourcecode.cpp.cpp; path = MergeList21.cpp; sourceTree = "<group>"; };
		07AC2E3C235D559F00AF9400 /* MergeList21.hpp */ = {isa = PBXFileReference; lastKnownFileType = sourcecode.cpp.h; path = MergeList21.hpp; sourceTree = "<group>"; };
		07AC2E3E235D55D600AF9400 /* ListNode.cpp */ = {isa = PBXFileReference; lastKnownFileType = sourcecode.cpp.cpp; path = ListNode.cpp; sourceTree = "<group>"; };
		07AC2E3F235D55D600AF9400 /* ListNode.hpp */ = {isa = PBXFileReference; lastKnownFileType = sourcecode.cpp.h; path = ListNode.hpp; sourceTree = "<group>"; };
		07AC2E41235D99FF00AF9400 /* MergeKList23.cpp */ = {isa = PBXFileReference; lastKnownFileType = sourcecode.cpp.cpp; path = MergeKList23.cpp; sourceTree = "<group>"; };
		07AC2E42235D99FF00AF9400 /* MergeKList23.hpp */ = {isa = PBXFileReference; lastKnownFileType = sourcecode.cpp.h; path = MergeKList23.hpp; sourceTree = "<group>"; };
		07AC2E45235EB0D700AF9400 /* ValidBST98.cpp */ = {isa = PBXFileReference; lastKnownFileType = sourcecode.cpp.cpp; path = ValidBST98.cpp; sourceTree = "<group>"; };
		07AC2E46235EB0D700AF9400 /* ValidBST98.hpp */ = {isa = PBXFileReference; lastKnownFileType = sourcecode.cpp.h; path = ValidBST98.hpp; sourceTree = "<group>"; };
		07AC2E48235EB10900AF9400 /* TreeNode.cpp */ = {isa = PBXFileReference; lastKnownFileType = sourcecode.cpp.cpp; path = TreeNode.cpp; sourceTree = "<group>"; };
		07AC2E49235EB10900AF9400 /* TreeNode.hpp */ = {isa = PBXFileReference; lastKnownFileType = sourcecode.cpp.h; path = TreeNode.hpp; sourceTree = "<group>"; };
		07AC2EA6235FE8D700AF9400 /* DailyTemperatures739.cpp */ = {isa = PBXFileReference; lastKnownFileType = sourcecode.cpp.cpp; path = DailyTemperatures739.cpp; sourceTree = "<group>"; };
		07AC2EA7235FE8D700AF9400 /* DailyTemperatures739.hpp */ = {isa = PBXFileReference; lastKnownFileType = sourcecode.cpp.h; path = DailyTemperatures739.hpp; sourceTree = "<group>"; };
		07AC2ECB23613C4E00AF9400 /* MaxPathSum124.cpp */ = {isa = PBXFileReference; lastKnownFileType = sourcecode.cpp.cpp; path = MaxPathSum124.cpp; sourceTree = "<group>"; };
		07AC2ECC23613C4E00AF9400 /* MaxPathSum124.hpp */ = {isa = PBXFileReference; lastKnownFileType = sourcecode.cpp.h; path = MaxPathSum124.hpp; sourceTree = "<group>"; };
		07C48D4223614EF3007FAAAD /* Flatten114.cpp */ = {isa = PBXFileReference; lastKnownFileType = sourcecode.cpp.cpp; path = Flatten114.cpp; sourceTree = "<group>"; };
		07C48D4323614EF3007FAAAD /* Flatten114.hpp */ = {isa = PBXFileReference; lastKnownFileType = sourcecode.cpp.h; path = Flatten114.hpp; sourceTree = "<group>"; };
		07C48D482361ADD3007FAAAD /* TwoSum1.cpp */ = {isa = PBXFileReference; lastKnownFileType = sourcecode.cpp.cpp; path = TwoSum1.cpp; sourceTree = "<group>"; };
		07C48D492361ADD3007FAAAD /* TwoSum1.hpp */ = {isa = PBXFileReference; lastKnownFileType = sourcecode.cpp.h; path = TwoSum1.hpp; sourceTree = "<group>"; };
/* End PBXFileReference section */

/* Begin PBXFrameworksBuildPhase section */
		07AC2E232359B27300AF9400 /* Frameworks */ = {
			isa = PBXFrameworksBuildPhase;
			buildActionMask = 2147483647;
			files = (
			);
			runOnlyForDeploymentPostprocessing = 0;
		};
/* End PBXFrameworksBuildPhase section */

/* Begin PBXGroup section */
		071D11DD235C1C6D0037BBC4 /* Stack */ = {
			isa = PBXGroup;
			children = (
				071D11DE235C1C9C0037BBC4 /* EvalRPN150.hpp */,
				07AC2EA6235FE8D700AF9400 /* DailyTemperatures739.cpp */,
				07AC2EA7235FE8D700AF9400 /* DailyTemperatures739.hpp */,
			);
			path = Stack;
			sourceTree = "<group>";
		};
		07AC2E1D2359B27300AF9400 = {
			isa = PBXGroup;
			children = (
				07AC2E282359B27300AF9400 /* leetcodePratice */,
			);
			sourceTree = "<group>";
		};
		07AC2E272359B27300AF9400 /* Products */ = {
			isa = PBXGroup;
			children = (
				07AC2E262359B27300AF9400 /* leetcodePratice */,
			);
			name = Products;
			path = ../..;
			sourceTree = "<group>";
		};
		07AC2E282359B27300AF9400 /* leetcodePratice */ = {
			isa = PBXGroup;
			children = (
				07C48D472361ADC4007FAAAD /* Other */,
				07AC2E44235EB0BA00AF9400 /* Tree */,
				071D11DD235C1C6D0037BBC4 /* Stack */,
				07AC2E302359B2A700AF9400 /* List */,
				07AC2E292359B27300AF9400 /* main.cpp */,
			);
			path = leetcodePratice;
			sourceTree = "<group>";
		};
		07AC2E302359B2A700AF9400 /* List */ = {
			isa = PBXGroup;
			children = (
				07AC2E312359B33700AF9400 /* DeleteList237.cpp */,
				07AC2E322359B33700AF9400 /* DeleteList237.hpp */,
				07AC2E352359BFD100AF9400 /* ReverseList206.cpp */,
				07AC2E362359BFD100AF9400 /* ReverseList206.hpp */,
				07AC2E382359D37700AF9400 /* CycleList141.cpp */,
				07AC2E392359D37700AF9400 /* CycleList141.hpp */,
				07AC2E3B235D559F00AF9400 /* MergeList21.cpp */,
				07AC2E3C235D559F00AF9400 /* MergeList21.hpp */,
				07AC2E3E235D55D600AF9400 /* ListNode.cpp */,
				07AC2E3F235D55D600AF9400 /* ListNode.hpp */,
				07AC2E41235D99FF00AF9400 /* MergeKList23.cpp */,
				07AC2E42235D99FF00AF9400 /* MergeKList23.hpp */,
				07AC2E272359B27300AF9400 /* Products */,
			);
			path = List;
			sourceTree = "<group>";
		};
		07AC2E44235EB0BA00AF9400 /* Tree */ = {
			isa = PBXGroup;
			children = (
				07AC2E45235EB0D700AF9400 /* ValidBST98.cpp */,
				07AC2E46235EB0D700AF9400 /* ValidBST98.hpp */,
				07AC2E48235EB10900AF9400 /* TreeNode.cpp */,
				07AC2E49235EB10900AF9400 /* TreeNode.hpp */,
				07AC2ECB23613C4E00AF9400 /* MaxPathSum124.cpp */,
				07AC2ECC23613C4E00AF9400 /* MaxPathSum124.hpp */,
				07C48D4223614EF3007FAAAD /* Flatten114.cpp */,
				07C48D4323614EF3007FAAAD /* Flatten114.hpp */,
			);
			path = Tree;
			sourceTree = "<group>";
		};
		07C48D472361ADC4007FAAAD /* Other */ = {
			isa = PBXGroup;
			children = (
				07C48D482361ADD3007FAAAD /* TwoSum1.cpp */,
				07C48D492361ADD3007FAAAD /* TwoSum1.hpp */,
			);
			path = Other;
			sourceTree = "<group>";
		};
/* End PBXGroup section */

/* Begin PBXNativeTarget section */
		07AC2E252359B27300AF9400 /* leetcodePratice */ = {
			isa = PBXNativeTarget;
			buildConfigurationList = 07AC2E2D2359B27300AF9400 /* Build configuration list for PBXNativeTarget "leetcodePratice" */;
			buildPhases = (
				07AC2E222359B27300AF9400 /* Sources */,
				07AC2E232359B27300AF9400 /* Frameworks */,
				07AC2E242359B27300AF9400 /* CopyFiles */,
			);
			buildRules = (
			);
			dependencies = (
			);
			name = leetcodePratice;
			productName = leetcodePratice;
			productReference = 07AC2E262359B27300AF9400 /* leetcodePratice */;
			productType = "com.apple.product-type.tool";
		};
/* End PBXNativeTarget section */

/* Begin PBXProject section */
		07AC2E1E2359B27300AF9400 /* Project object */ = {
			isa = PBXProject;
			attributes = {
				LastUpgradeCheck = 1020;
				ORGANIZATIONNAME = songlin;
				TargetAttributes = {
					07AC2E252359B27300AF9400 = {
						CreatedOnToolsVersion = 10.2;
					};
				};
			};
			buildConfigurationList = 07AC2E212359B27300AF9400 /* Build configuration list for PBXProject "leetcodePratice" */;
			compatibilityVersion = "Xcode 9.3";
			developmentRegion = en;
			hasScannedForEncodings = 0;
			knownRegions = (
				en,
			);
			mainGroup = 07AC2E1D2359B27300AF9400;
			productRefGroup = 07AC2E272359B27300AF9400 /* Products */;
			projectDirPath = "";
			projectRoot = "";
			targets = (
				07AC2E252359B27300AF9400 /* leetcodePratice */,
			);
		};
/* End PBXProject section */

/* Begin PBXSourcesBuildPhase section */
		07AC2E222359B27300AF9400 /* Sources */ = {
			isa = PBXSourcesBuildPhase;
			buildActionMask = 2147483647;
			files = (
				07AC2E3D235D559F00AF9400 /* MergeList21.cpp in Sources */,
				07AC2ECD23613C4E00AF9400 /* MaxPathSum124.cpp in Sources */,
				07AC2EA8235FE8D700AF9400 /* DailyTemperatures739.cpp in Sources */,
				07C48D4423614EF3007FAAAD /* Flatten114.cpp in Sources */,
				07AC2E2A2359B27300AF9400 /* main.cpp in Sources */,
				07AC2E47235EB0D700AF9400 /* ValidBST98.cpp in Sources */,
				07C48D4A2361ADD3007FAAAD /* TwoSum1.cpp in Sources */,
				07AC2E332359B33700AF9400 /* DeleteList237.cpp in Sources */,
				07AC2E40235D55D600AF9400 /* ListNode.cpp in Sources */,
				07AC2E372359BFD100AF9400 /* ReverseList206.cpp in Sources */,
				071D11DF235C1C9C0037BBC4 /* EvalRPN150.hpp in Sources */,
				07AC2E4A235EB10900AF9400 /* TreeNode.cpp in Sources */,
				07AC2E3A2359D37700AF9400 /* CycleList141.cpp in Sources */,
				07AC2E43235D99FF00AF9400 /* MergeKList23.cpp in Sources */,
			);
			runOnlyForDeploymentPostprocessing = 0;
		};
/* End PBXSourcesBuildPhase section */

/* Begin XCBuildConfiguration section */
		07AC2E2B2359B27300AF9400 /* Debug */ = {
			isa = XCBuildConfiguration;
			buildSettings = {
				ALWAYS_SEARCH_USER_PATHS = NO;
				CLANG_ANALYZER_NONNULL = YES;
				CLANG_ANALYZER_NUMBER_OBJECT_CONVERSION = YES_AGGRESSIVE;
				CLANG_CXX_LANGUAGE_STANDARD = "gnu++14";
				CLANG_CXX_LIBRARY = "libc++";
				CLANG_ENABLE_MODULES = YES;
				CLANG_ENABLE_OBJC_ARC = YES;
				CLANG_ENABLE_OBJC_WEAK = YES;
				CLANG_WARN_BLOCK_CAPTURE_AUTORELEASING = YES;
				CLANG_WARN_BOOL_CONVERSION = YES;
				CLANG_WARN_COMMA = YES;
				CLANG_WARN_CONSTANT_CONVERSION = YES;
				CLANG_WARN_DEPRECATED_OBJC_IMPLEMENTATIONS = YES;
				CLANG_WARN_DIRECT_OBJC_ISA_USAGE = YES_ERROR;
				CLANG_WARN_DOCUMENTATION_COMMENTS = YES;
				CLANG_WARN_EMPTY_BODY = YES;
				CLANG_WARN_ENUM_CONVERSION = YES;
				CLANG_WARN_INFINITE_RECURSION = YES;
				CLANG_WARN_INT_CONVERSION = YES;
				CLANG_WARN_NON_LITERAL_NULL_CONVERSION = YES;
				CLANG_WARN_OBJC_IMPLICIT_RETAIN_SELF = YES;
				CLANG_WARN_OBJC_LITERAL_CONVERSION = YES;
				CLANG_WARN_OBJC_ROOT_CLASS = YES_ERROR;
				CLANG_WARN_RANGE_LOOP_ANALYSIS = YES;
				CLANG_WARN_STRICT_PROTOTYPES = YES;
				CLANG_WARN_SUSPICIOUS_MOVE = YES;
				CLANG_WARN_UNGUARDED_AVAILABILITY = YES_AGGRESSIVE;
				CLANG_WARN_UNREACHABLE_CODE = YES;
				CLANG_WARN__DUPLICATE_METHOD_MATCH = YES;
				CODE_SIGN_IDENTITY = "-";
				COPY_PHASE_STRIP = NO;
				DEBUG_INFORMATION_FORMAT = dwarf;
				ENABLE_STRICT_OBJC_MSGSEND = YES;
				ENABLE_TESTABILITY = YES;
				GCC_C_LANGUAGE_STANDARD = gnu11;
				GCC_DYNAMIC_NO_PIC = NO;
				GCC_NO_COMMON_BLOCKS = YES;
				GCC_OPTIMIZATION_LEVEL = 0;
				GCC_PREPROCESSOR_DEFINITIONS = (
					"DEBUG=1",
					"$(inherited)",
				);
				GCC_WARN_64_TO_32_BIT_CONVERSION = YES;
				GCC_WARN_ABOUT_RETURN_TYPE = YES_ERROR;
				GCC_WARN_UNDECLARED_SELECTOR = YES;
				GCC_WARN_UNINITIALIZED_AUTOS = YES_AGGRESSIVE;
				GCC_WARN_UNUSED_FUNCTION = YES;
				GCC_WARN_UNUSED_VARIABLE = YES;
				MACOSX_DEPLOYMENT_TARGET = 10.15;
				MTL_ENABLE_DEBUG_INFO = INCLUDE_SOURCE;
				MTL_FAST_MATH = YES;
				ONLY_ACTIVE_ARCH = YES;
				SDKROOT = macosx;
			};
			name = Debug;
		};
		07AC2E2C2359B27300AF9400 /* Release */ = {
			isa = XCBuildConfiguration;
			buildSettings = {
				ALWAYS_SEARCH_USER_PATHS = NO;
				CLANG_ANALYZER_NONNULL = YES;
				CLANG_ANALYZER_NUMBER_OBJECT_CONVERSION = YES_AGGRESSIVE;
				CLANG_CXX_LANGUAGE_STANDARD = "gnu++14";
				CLANG_CXX_LIBRARY = "libc++";
				CLANG_ENABLE_MODULES = YES;
				CLANG_ENABLE_OBJC_ARC = YES;
				CLANG_ENABLE_OBJC_WEAK = YES;
				CLANG_WARN_BLOCK_CAPTURE_AUTORELEASING = YES;
				CLANG_WARN_BOOL_CONVERSION = YES;
				CLANG_WARN_COMMA = YES;
				CLANG_WARN_CONSTANT_CONVERSION = YES;
				CLANG_WARN_DEPRECATED_OBJC_IMPLEMENTATIONS = YES;
				CLANG_WARN_DIRECT_OBJC_ISA_USAGE = YES_ERROR;
				CLANG_WARN_DOCUMENTATION_COMMENTS = YES;
				CLANG_WARN_EMPTY_BODY = YES;
				CLANG_WARN_ENUM_CONVERSION = YES;
				CLANG_WARN_INFINITE_RECURSION = YES;
				CLANG_WARN_INT_CONVERSION = YES;
				CLANG_WARN_NON_LITERAL_NULL_CONVERSION = YES;
				CLANG_WARN_OBJC_IMPLICIT_RETAIN_SELF = YES;
				CLANG_WARN_OBJC_LITERAL_CONVERSION = YES;
				CLANG_WARN_OBJC_ROOT_CLASS = YES_ERROR;
				CLANG_WARN_RANGE_LOOP_ANALYSIS = YES;
				CLANG_WARN_STRICT_PROTOTYPES = YES;
				CLANG_WARN_SUSPICIOUS_MOVE = YES;
				CLANG_WARN_UNGUARDED_AVAILABILITY = YES_AGGRESSIVE;
				CLANG_WARN_UNREACHABLE_CODE = YES;
				CLANG_WARN__DUPLICATE_METHOD_MATCH = YES;
				CODE_SIGN_IDENTITY = "-";
				COPY_PHASE_STRIP = NO;
				DEBUG_INFORMATION_FORMAT = "dwarf-with-dsym";
				ENABLE_NS_ASSERTIONS = NO;
				ENABLE_STRICT_OBJC_MSGSEND = YES;
				GCC_C_LANGUAGE_STANDARD = gnu11;
				GCC_NO_COMMON_BLOCKS = YES;
				GCC_WARN_64_TO_32_BIT_CONVERSION = YES;
				GCC_WARN_ABOUT_RETURN_TYPE = YES_ERROR;
				GCC_WARN_UNDECLARED_SELECTOR = YES;
				GCC_WARN_UNINITIALIZED_AUTOS = YES_AGGRESSIVE;
				GCC_WARN_UNUSED_FUNCTION = YES;
				GCC_WARN_UNUSED_VARIABLE = YES;
				MACOSX_DEPLOYMENT_TARGET = 10.15;
				MTL_ENABLE_DEBUG_INFO = NO;
				MTL_FAST_MATH = YES;
				SDKROOT = macosx;
			};
			name = Release;
		};
		07AC2E2E2359B27300AF9400 /* Debug */ = {
			isa = XCBuildConfiguration;
			buildSettings = {
				CODE_SIGN_STYLE = Automatic;
				PRODUCT_NAME = "$(TARGET_NAME)";
			};
			name = Debug;
		};
		07AC2E2F2359B27300AF9400 /* Release */ = {
			isa = XCBuildConfiguration;
			buildSettings = {
				CODE_SIGN_STYLE = Automatic;
				PRODUCT_NAME = "$(TARGET_NAME)";
			};
			name = Release;
		};
/* End XCBuildConfiguration section */

/* Begin XCConfigurationList section */
		07AC2E212359B27300AF9400 /* Build configuration list for PBXProject "leetcodePratice" */ = {
			isa = XCConfigurationList;
			buildConfigurations = (
				07AC2E2B2359B27300AF9400 /* Debug */,
				07AC2E2C2359B27300AF9400 /* Release */,
			);
			defaultConfigurationIsVisible = 0;
			defaultConfigurationName = Release;
		};
		07AC2E2D2359B27300AF9400 /* Build configuration list for PBXNativeTarget "leetcodePratice" */ = {
			isa = XCConfigurationList;
			buildConfigurations = (
				07AC2E2E2359B27300AF9400 /* Debug */,
				07AC2E2F2359B27300AF9400 /* Release */,
			);
			defaultConfigurationIsVisible = 0;
			defaultConfigurationName = Release;
		};
/* End XCConfigurationList section */
	};
	rootObject = 07AC2E1E2359B27300AF9400 /* Project object */;
}
