// !$*UTF8*$!
{
	archiveVersion = 1;
	classes = {
	};
	objectVersion = 50;
	objects = {

/* Begin PBXBuildFile section */
		0767A1EB23CDAA6E00585AA1 /* EdgeInfo.cpp in Sources */ = {isa = PBXBuildFile; fileRef = 0767A1E923CDAA6E00585AA1 /* EdgeInfo.cpp */; };
		0767A1EE23CDC72500585AA1 /* MinHeap.cpp in Sources */ = {isa = PBXBuildFile; fileRef = 0767A1EC23CDC72500585AA1 /* MinHeap.cpp */; };
		07FD01AA23C462D600B43F77 /* main.cpp in Sources */ = {isa = PBXBuildFile; fileRef = 07FD01A923C462D600B43F77 /* main.cpp */; };
		07FD01C023C4720200B43F77 /* Vertex.cpp in Sources */ = {isa = PBXBuildFile; fileRef = 07FD01BE23C4720200B43F77 /* Vertex.cpp */; };
		07FD01C323C474CB00B43F77 /* Edge.cpp in Sources */ = {isa = PBXBuildFile; fileRef = 07FD01C123C474CB00B43F77 /* Edge.cpp */; };
/* End PBXBuildFile section */

/* Begin PBXCopyFilesBuildPhase section */
		07FD01A423C462D600B43F77 /* CopyFiles */ = {
			isa = PBXCopyFilesBuildPhase;
			buildActionMask = 2147483647;
			dstPath = /usr/share/man/man1/;
			dstSubfolderSpec = 0;
			files = (
			);
			runOnlyForDeploymentPostprocessing = 1;
		};
/* End PBXCopyFilesBuildPhase section */

/* Begin PBXFileReference section */
		0767A1E723CDA96B00585AA1 /* WeightManager.hpp */ = {isa = PBXFileReference; lastKnownFileType = sourcecode.cpp.h; path = WeightManager.hpp; sourceTree = "<group>"; };
		0767A1E923CDAA6E00585AA1 /* EdgeInfo.cpp */ = {isa = PBXFileReference; lastKnownFileType = sourcecode.cpp.cpp; path = EdgeInfo.cpp; sourceTree = "<group>"; };
		0767A1EA23CDAA6E00585AA1 /* EdgeInfo.hpp */ = {isa = PBXFileReference; lastKnownFileType = sourcecode.cpp.h; path = EdgeInfo.hpp; sourceTree = "<group>"; };
		0767A1EC23CDC72500585AA1 /* MinHeap.cpp */ = {isa = PBXFileReference; lastKnownFileType = sourcecode.cpp.cpp; path = MinHeap.cpp; sourceTree = "<group>"; };
		0767A1ED23CDC72500585AA1 /* MinHeap.hpp */ = {isa = PBXFileReference; lastKnownFileType = sourcecode.cpp.h; path = MinHeap.hpp; sourceTree = "<group>"; };
		07C5E7BD23CF086F00EEC2CB /* UnionFind.hpp */ = {isa = PBXFileReference; lastKnownFileType = sourcecode.cpp.h; path = UnionFind.hpp; sourceTree = "<group>"; };
		07C5E7C023CF092700EEC2CB /* UnionNode.hpp */ = {isa = PBXFileReference; lastKnownFileType = sourcecode.cpp.h; path = UnionNode.hpp; sourceTree = "<group>"; };
		07FD01A623C462D600B43F77 /* 16.Graph */ = {isa = PBXFileReference; explicitFileType = "compiled.mach-o.executable"; includeInIndex = 0; path = 16.Graph; sourceTree = BUILT_PRODUCTS_DIR; };
		07FD01A923C462D600B43F77 /* main.cpp */ = {isa = PBXFileReference; lastKnownFileType = sourcecode.cpp.cpp; path = main.cpp; sourceTree = "<group>"; };
		07FD01B123C462EB00B43F77 /* Graph.hpp */ = {isa = PBXFileReference; lastKnownFileType = sourcecode.cpp.h; path = Graph.hpp; sourceTree = "<group>"; };
		07FD01B523C46CEC00B43F77 /* ListGraph.hpp */ = {isa = PBXFileReference; lastKnownFileType = sourcecode.cpp.h; path = ListGraph.hpp; sourceTree = "<group>"; };
		07FD01BE23C4720200B43F77 /* Vertex.cpp */ = {isa = PBXFileReference; lastKnownFileType = sourcecode.cpp.cpp; path = Vertex.cpp; sourceTree = "<group>"; };
		07FD01BF23C4720200B43F77 /* Vertex.hpp */ = {isa = PBXFileReference; lastKnownFileType = sourcecode.cpp.h; path = Vertex.hpp; sourceTree = "<group>"; };
		07FD01C123C474CB00B43F77 /* Edge.cpp */ = {isa = PBXFileReference; lastKnownFileType = sourcecode.cpp.cpp; path = Edge.cpp; sourceTree = "<group>"; };
		07FD01C223C474CB00B43F77 /* Edge.hpp */ = {isa = PBXFileReference; lastKnownFileType = sourcecode.cpp.h; path = Edge.hpp; sourceTree = "<group>"; };
/* End PBXFileReference section */

/* Begin PBXFrameworksBuildPhase section */
		07FD01A323C462D600B43F77 /* Frameworks */ = {
			isa = PBXFrameworksBuildPhase;
			buildActionMask = 2147483647;
			files = (
			);
			runOnlyForDeploymentPostprocessing = 0;
		};
/* End PBXFrameworksBuildPhase section */

/* Begin PBXGroup section */
		0767A1DF23CDA69500585AA1 /* miniheap */ = {
			isa = PBXGroup;
			children = (
				0767A1EC23CDC72500585AA1 /* MinHeap.cpp */,
				0767A1ED23CDC72500585AA1 /* MinHeap.hpp */,
			);
			path = miniheap;
			sourceTree = "<group>";
		};
		07C5E7BB23CF086100EEC2CB /* unionFind */ = {
			isa = PBXGroup;
			children = (
				07C5E7BD23CF086F00EEC2CB /* UnionFind.hpp */,
				07C5E7C023CF092700EEC2CB /* UnionNode.hpp */,
			);
			path = unionFind;
			sourceTree = "<group>";
		};
		07FD019D23C462D600B43F77 = {
			isa = PBXGroup;
			children = (
				07FD01A823C462D600B43F77 /* 16.Graph */,
				07FD01A723C462D600B43F77 /* Products */,
			);
			sourceTree = "<group>";
		};
		07FD01A723C462D600B43F77 /* Products */ = {
			isa = PBXGroup;
			children = (
				07FD01A623C462D600B43F77 /* 16.Graph */,
			);
			name = Products;
			sourceTree = "<group>";
		};
		07FD01A823C462D600B43F77 /* 16.Graph */ = {
			isa = PBXGroup;
			children = (
				07C5E7BB23CF086100EEC2CB /* unionFind */,
				0767A1DF23CDA69500585AA1 /* miniheap */,
				07FD01B723C46E0C00B43F77 /* model */,
				07FD01B323C462F300B43F77 /* graph */,
				07FD01A923C462D600B43F77 /* main.cpp */,
			);
			path = 16.Graph;
			sourceTree = "<group>";
		};
		07FD01B323C462F300B43F77 /* graph */ = {
			isa = PBXGroup;
			children = (
				07FD01B123C462EB00B43F77 /* Graph.hpp */,
				07FD01B523C46CEC00B43F77 /* ListGraph.hpp */,
				0767A1E723CDA96B00585AA1 /* WeightManager.hpp */,
			);
			path = graph;
			sourceTree = "<group>";
		};
		07FD01B723C46E0C00B43F77 /* model */ = {
			isa = PBXGroup;
			children = (
				07FD01BE23C4720200B43F77 /* Vertex.cpp */,
				07FD01BF23C4720200B43F77 /* Vertex.hpp */,
				07FD01C123C474CB00B43F77 /* Edge.cpp */,
				07FD01C223C474CB00B43F77 /* Edge.hpp */,
				0767A1E923CDAA6E00585AA1 /* EdgeInfo.cpp */,
				0767A1EA23CDAA6E00585AA1 /* EdgeInfo.hpp */,
			);
			path = model;
			sourceTree = "<group>";
		};
/* End PBXGroup section */

/* Begin PBXNativeTarget section */
		07FD01A523C462D600B43F77 /* 16.Graph */ = {
			isa = PBXNativeTarget;
			buildConfigurationList = 07FD01AD23C462D600B43F77 /* Build configuration list for PBXNativeTarget "16.Graph" */;
			buildPhases = (
				07FD01A223C462D600B43F77 /* Sources */,
				07FD01A323C462D600B43F77 /* Frameworks */,
				07FD01A423C462D600B43F77 /* CopyFiles */,
			);
			buildRules = (
			);
			dependencies = (
			);
			name = 16.Graph;
			productName = 16.Graph;
			productReference = 07FD01A623C462D600B43F77 /* 16.Graph */;
			productType = "com.apple.product-type.tool";
		};
/* End PBXNativeTarget section */

/* Begin PBXProject section */
		07FD019E23C462D600B43F77 /* Project object */ = {
			isa = PBXProject;
			attributes = {
				LastUpgradeCheck = 1120;
				ORGANIZATIONNAME = com.ktcwdxc.mical;
				TargetAttributes = {
					07FD01A523C462D600B43F77 = {
						CreatedOnToolsVersion = 11.2.1;
					};
				};
			};
			buildConfigurationList = 07FD01A123C462D600B43F77 /* Build configuration list for PBXProject "16.Graph" */;
			compatibilityVersion = "Xcode 9.3";
			developmentRegion = en;
			hasScannedForEncodings = 0;
			knownRegions = (
				en,
				Base,
			);
			mainGroup = 07FD019D23C462D600B43F77;
			productRefGroup = 07FD01A723C462D600B43F77 /* Products */;
			projectDirPath = "";
			projectRoot = "";
			targets = (
				07FD01A523C462D600B43F77 /* 16.Graph */,
			);
		};
/* End PBXProject section */

/* Begin PBXSourcesBuildPhase section */
		07FD01A223C462D600B43F77 /* Sources */ = {
			isa = PBXSourcesBuildPhase;
			buildActionMask = 2147483647;
			files = (
				07FD01C323C474CB00B43F77 /* Edge.cpp in Sources */,
				07FD01AA23C462D600B43F77 /* main.cpp in Sources */,
				0767A1EE23CDC72500585AA1 /* MinHeap.cpp in Sources */,
				0767A1EB23CDAA6E00585AA1 /* EdgeInfo.cpp in Sources */,
				07FD01C023C4720200B43F77 /* Vertex.cpp in Sources */,
			);
			runOnlyForDeploymentPostprocessing = 0;
		};
/* End PBXSourcesBuildPhase section */

/* Begin XCBuildConfiguration section */
		07FD01AB23C462D600B43F77 /* Debug */ = {
			isa = XCBuildConfiguration;
			buildSettings = {
				ALWAYS_SEARCH_USER_PATHS = NO;
				CLANG_ANALYZER_NONNULL = YES;
				CLANG_ANALYZER_NUMBER_OBJECT_CONVERSION = YES_AGGRESSIVE;
				CLANG_CXX_LANGUAGE_STANDARD = "gnu++14";
				CLANG_CXX_LIBRARY = "libc++";
				CLANG_ENABLE_MODULES = YES;
				CLANG_ENABLE_OBJC_ARC = YES;
				CLANG_ENABLE_OBJC_WEAK = YES;
				CLANG_WARN_BLOCK_CAPTURE_AUTORELEASING = YES;
				CLANG_WARN_BOOL_CONVERSION = YES;
				CLANG_WARN_COMMA = YES;
				CLANG_WARN_CONSTANT_CONVERSION = YES;
				CLANG_WARN_DEPRECATED_OBJC_IMPLEMENTATIONS = YES;
				CLANG_WARN_DIRECT_OBJC_ISA_USAGE = YES_ERROR;
				CLANG_WARN_DOCUMENTATION_COMMENTS = YES;
				CLANG_WARN_EMPTY_BODY = YES;
				CLANG_WARN_ENUM_CONVERSION = YES;
				CLANG_WARN_INFINITE_RECURSION = YES;
				CLANG_WARN_INT_CONVERSION = YES;
				CLANG_WARN_NON_LITERAL_NULL_CONVERSION = YES;
				CLANG_WARN_OBJC_IMPLICIT_RETAIN_SELF = YES;
				CLANG_WARN_OBJC_LITERAL_CONVERSION = YES;
				CLANG_WARN_OBJC_ROOT_CLASS = YES_ERROR;
				CLANG_WARN_RANGE_LOOP_ANALYSIS = YES;
				CLANG_WARN_STRICT_PROTOTYPES = YES;
				CLANG_WARN_SUSPICIOUS_MOVE = YES;
				CLANG_WARN_UNGUARDED_AVAILABILITY = YES_AGGRESSIVE;
				CLANG_WARN_UNREACHABLE_CODE = YES;
				CLANG_WARN__DUPLICATE_METHOD_MATCH = YES;
				COPY_PHASE_STRIP = NO;
				DEBUG_INFORMATION_FORMAT = dwarf;
				ENABLE_STRICT_OBJC_MSGSEND = YES;
				ENABLE_TESTABILITY = YES;
				GCC_C_LANGUAGE_STANDARD = gnu11;
				GCC_DYNAMIC_NO_PIC = NO;
				GCC_NO_COMMON_BLOCKS = YES;
				GCC_OPTIMIZATION_LEVEL = 0;
				GCC_PREPROCESSOR_DEFINITIONS = (
					"DEBUG=1",
					"$(inherited)",
				);
				GCC_WARN_64_TO_32_BIT_CONVERSION = YES;
				GCC_WARN_ABOUT_RETURN_TYPE = YES_ERROR;
				GCC_WARN_UNDECLARED_SELECTOR = YES;
				GCC_WARN_UNINITIALIZED_AUTOS = YES_AGGRESSIVE;
				GCC_WARN_UNUSED_FUNCTION = YES;
				GCC_WARN_UNUSED_VARIABLE = YES;
				MACOSX_DEPLOYMENT_TARGET = 10.15;
				MTL_ENABLE_DEBUG_INFO = INCLUDE_SOURCE;
				MTL_FAST_MATH = YES;
				ONLY_ACTIVE_ARCH = YES;
				SDKROOT = macosx;
			};
			name = Debug;
		};
		07FD01AC23C462D600B43F77 /* Release */ = {
			isa = XCBuildConfiguration;
			buildSettings = {
				ALWAYS_SEARCH_USER_PATHS = NO;
				CLANG_ANALYZER_NONNULL = YES;
				CLANG_ANALYZER_NUMBER_OBJECT_CONVERSION = YES_AGGRESSIVE;
				CLANG_CXX_LANGUAGE_STANDARD = "gnu++14";
				CLANG_CXX_LIBRARY = "libc++";
				CLANG_ENABLE_MODULES = YES;
				CLANG_ENABLE_OBJC_ARC = YES;
				CLANG_ENABLE_OBJC_WEAK = YES;
				CLANG_WARN_BLOCK_CAPTURE_AUTORELEASING = YES;
				CLANG_WARN_BOOL_CONVERSION = YES;
				CLANG_WARN_COMMA = YES;
				CLANG_WARN_CONSTANT_CONVERSION = YES;
				CLANG_WARN_DEPRECATED_OBJC_IMPLEMENTATIONS = YES;
				CLANG_WARN_DIRECT_OBJC_ISA_USAGE = YES_ERROR;
				CLANG_WARN_DOCUMENTATION_COMMENTS = YES;
				CLANG_WARN_EMPTY_BODY = YES;
				CLANG_WARN_ENUM_CONVERSION = YES;
				CLANG_WARN_INFINITE_RECURSION = YES;
				CLANG_WARN_INT_CONVERSION = YES;
				CLANG_WARN_NON_LITERAL_NULL_CONVERSION = YES;
				CLANG_WARN_OBJC_IMPLICIT_RETAIN_SELF = YES;
				CLANG_WARN_OBJC_LITERAL_CONVERSION = YES;
				CLANG_WARN_OBJC_ROOT_CLASS = YES_ERROR;
				CLANG_WARN_RANGE_LOOP_ANALYSIS = YES;
				CLANG_WARN_STRICT_PROTOTYPES = YES;
				CLANG_WARN_SUSPICIOUS_MOVE = YES;
				CLANG_WARN_UNGUARDED_AVAILABILITY = YES_AGGRESSIVE;
				CLANG_WARN_UNREACHABLE_CODE = YES;
				CLANG_WARN__DUPLICATE_METHOD_MATCH = YES;
				COPY_PHASE_STRIP = NO;
				DEBUG_INFORMATION_FORMAT = "dwarf-with-dsym";
				ENABLE_NS_ASSERTIONS = NO;
				ENABLE_STRICT_OBJC_MSGSEND = YES;
				GCC_C_LANGUAGE_STANDARD = gnu11;
				GCC_NO_COMMON_BLOCKS = YES;
				GCC_WARN_64_TO_32_BIT_CONVERSION = YES;
				GCC_WARN_ABOUT_RETURN_TYPE = YES_ERROR;
				GCC_WARN_UNDECLARED_SELECTOR = YES;
				GCC_WARN_UNINITIALIZED_AUTOS = YES_AGGRESSIVE;
				GCC_WARN_UNUSED_FUNCTION = YES;
				GCC_WARN_UNUSED_VARIABLE = YES;
				MACOSX_DEPLOYMENT_TARGET = 10.15;
				MTL_ENABLE_DEBUG_INFO = NO;
				MTL_FAST_MATH = YES;
				SDKROOT = macosx;
			};
			name = Release;
		};
		07FD01AE23C462D600B43F77 /* Debug */ = {
			isa = XCBuildConfiguration;
			buildSettings = {
				CODE_SIGN_STYLE = Automatic;
				PRODUCT_NAME = "$(TARGET_NAME)";
			};
			name = Debug;
		};
		07FD01AF23C462D600B43F77 /* Release */ = {
			isa = XCBuildConfiguration;
			buildSettings = {
				CODE_SIGN_STYLE = Automatic;
				PRODUCT_NAME = "$(TARGET_NAME)";
			};
			name = Release;
		};
/* End XCBuildConfiguration section */

/* Begin XCConfigurationList section */
		07FD01A123C462D600B43F77 /* Build configuration list for PBXProject "16.Graph" */ = {
			isa = XCConfigurationList;
			buildConfigurations = (
				07FD01AB23C462D600B43F77 /* Debug */,
				07FD01AC23C462D600B43F77 /* Release */,
			);
			defaultConfigurationIsVisible = 0;
			defaultConfigurationName = Release;
		};
		07FD01AD23C462D600B43F77 /* Build configuration list for PBXNativeTarget "16.Graph" */ = {
			isa = XCConfigurationList;
			buildConfigurations = (
				07FD01AE23C462D600B43F77 /* Debug */,
				07FD01AF23C462D600B43F77 /* Release */,
			);
			defaultConfigurationIsVisible = 0;
			defaultConfigurationName = Release;
		};
/* End XCConfigurationList section */
	};
	rootObject = 07FD019E23C462D600B43F77 /* Project object */;
}
